
Microsoft Visual Studio Solution File, Format Version 12.00
# Visual Studio 15
VisualStudioVersion = 15.0.28307.329
MinimumVisualStudioVersion = 10.0.40219.1
Project("{FAE04EC0-301F-11D3-BF4B-00C04F79EFBC}") = "GamerListMVC", "GamerListMVC\GamerListMVC.csproj", "{0AA4F250-5780-48CF-A70C-809B0AB58DBD}"
EndProject
Project("{FAE04EC0-301F-11D3-BF4B-00C04F79EFBC}") = "DataAccess", "DataAccess\DataAccess.csproj", "{5EF8C8E7-894B-45A7-AC89-F45CBE4F0DB2}"
EndProject
Project("{FAE04EC0-301F-11D3-BF4B-00C04F79EFBC}") = "Business", "Business\Business.csproj", "{6BF5690D-253B-41A2-A425-64191DDA4417}"
EndProject
Global
	GlobalSection(SolutionConfigurationPlatforms) = preSolution
		Debug|Any CPU = Debug|Any CPU
		Release|Any CPU = Release|Any CPU
	EndGlobalSection
	GlobalSection(ProjectConfigurationPlatforms) = postSolution
		{0AA4F250-5780-48CF-A70C-809B0AB58DBD}.Debug|Any CPU.ActiveCfg = Debug|Any CPU
		{0AA4F250-5780-48CF-A70C-809B0AB58DBD}.Debug|Any CPU.Build.0 = Debug|Any CPU
		{0AA4F250-5780-48CF-A70C-809B0AB58DBD}.Release|Any CPU.ActiveCfg = Release|Any CPU
		{0AA4F250-5780-48CF-A70C-809B0AB58DBD}.Release|Any CPU.Build.0 = Release|Any CPU
		{5EF8C8E7-894B-45A7-AC89-F45CBE4F0DB2}.Debug|Any CPU.ActiveCfg = Debug|Any CPU
		{5EF8C8E7-894B-45A7-AC89-F45CBE4F0DB2}.Debug|Any CPU.Build.0 = Debug|Any CPU
		{5EF8C8E7-894B-45A7-AC89-F45CBE4F0DB2}.Release|Any CPU.ActiveCfg = Release|Any CPU
		{5EF8C8E7-894B-45A7-AC89-F45CBE4F0DB2}.Release|Any CPU.Build.0 = Release|Any CPU
		{6BF5690D-253B-41A2-A425-64191DDA4417}.Debug|Any CPU.ActiveCfg = Debug|Any CPU
		{6BF5690D-253B-41A2-A425-64191DDA4417}.Debug|Any CPU.Build.0 = Debug|Any CPU
		{6BF5690D-253B-41A2-A425-64191DDA4417}.Release|Any CPU.ActiveCfg = Release|Any CPU
		{6BF5690D-253B-41A2-A425-64191DDA4417}.Release|Any CPU.Build.0 = Release|Any CPU
	EndGlobalSection
	GlobalSection(SolutionProperties) = preSolution
		HideSolutionNode = FALSE
	EndGlobalSection
	GlobalSection(ExtensibilityGlobals) = postSolution
		SolutionGuid = {9BC60AFE-91FC-4FEC-B35A-AC1A10B25E5C}
	EndGlobalSection
EndGlobal
